Microsoft Visual Studio Solution File, Format Version 12.00
# Visual Studio Version 17
VisualStudioVersion = 17.5.2.0
MinimumVisualStudioVersion = 10.0.40219.1
Project("{FAE04EC0-301F-11D3-BF4B-00C04F79EFBC}") = "ProcessLogger", "ProcessLogger.csproj", "{22C3E62F-1D88-79AE-E93A-AD89687990B7}"
EndProject
Global
	GlobalSection(SolutionConfigurationPlatforms) = preSolution
		Debug|Any CPU = Debug|Any CPU
		Release|Any CPU = Release|Any CPU
	EndGlobalSection
	GlobalSection(ProjectConfigurationPlatforms) = postSolution
		{22C3E62F-1D88-79AE-E93A-AD89687990B7}.Debug|Any CPU.ActiveCfg = Debug|Any CPU
		{22C3E62F-1D88-79AE-E93A-AD89687990B7}.Debug|Any CPU.Build.0 = Debug|Any CPU
		{22C3E62F-1D88-79AE-E93A-AD89687990B7}.Release|Any CPU.ActiveCfg = Release|Any CPU
		{22C3E62F-1D88-79AE-E93A-AD89687990B7}.Release|Any CPU.Build.0 = Release|Any CPU
	EndGlobalSection
	GlobalSection(SolutionProperties) = preSolution
		HideSolutionNode = FALSE
	EndGlobalSection
	GlobalSection(ExtensibilityGlobals) = postSolution
		SolutionGuid = {6C2B9797-B7F7-487E-AC07-4E8AD52FE488}
	EndGlobalSection
EndGlobal
